
Microsoft Visual Studio Solution File, Format Version 12.00
# Visual Studio 15
VisualStudioVersion = 15.0.28307.902
MinimumVisualStudioVersion = 10.0.40219.1
Project("{9A19103F-16F7-4668-BE54-9A1E7A4F7556}") = "IfConditions", "IfConditions\IfConditions.csproj", "{6AD81E66-3027-4518-8E72-DEA1E82BD988}"
EndProject
Project("{FAE04EC0-301F-11D3-BF4B-00C04F79EFBC}") = "DemoCondition", "DemoCondition\DemoCondition.csproj", "{3E5C2824-BA20-446A-9F6D-5103443A72E6}"
EndProject
Global
	GlobalSection(SolutionConfigurationPlatforms) = preSolution
		Debug|Any CPU = Debug|Any CPU
		Release|Any CPU = Release|Any CPU
	EndGlobalSection
	GlobalSection(ProjectConfigurationPlatforms) = postSolution
		{6AD81E66-3027-4518-8E72-DEA1E82BD988}.Debug|Any CPU.ActiveCfg = Debug|Any CPU
		{6AD81E66-3027-4518-8E72-DEA1E82BD988}.Debug|Any CPU.Build.0 = Debug|Any CPU
		{6AD81E66-3027-4518-8E72-DEA1E82BD988}.Release|Any CPU.ActiveCfg = Release|Any CPU
		{6AD81E66-3027-4518-8E72-DEA1E82BD988}.Release|Any CPU.Build.0 = Release|Any CPU
		{3E5C2824-BA20-446A-9F6D-5103443A72E6}.Debug|Any CPU.ActiveCfg = Debug|Any CPU
		{3E5C2824-BA20-446A-9F6D-5103443A72E6}.Debug|Any CPU.Build.0 = Debug|Any CPU
		{3E5C2824-BA20-446A-9F6D-5103443A72E6}.Release|Any CPU.ActiveCfg = Release|Any CPU
		{3E5C2824-BA20-446A-9F6D-5103443A72E6}.Release|Any CPU.Build.0 = Release|Any CPU
	EndGlobalSection
	GlobalSection(SolutionProperties) = preSolution
		HideSolutionNode = FALSE
	EndGlobalSection
	GlobalSection(ExtensibilityGlobals) = postSolution
		SolutionGuid = {35A5EE17-50D5-4C87-8E6C-24B99D72C991}
	EndGlobalSection
EndGlobal
